
Microsoft Visual Studio Solution File, Format Version 12.00
Project("{FAE04EC0-301F-11D3-BF4B-00C04F79EFBC}") = "Api", "src\Api\Api.csproj", "{0B2E43AE-6EA9-4F7D-9761-390543096136}"
EndProject
Project("{FAE04EC0-301F-11D3-BF4B-00C04F79EFBC}") = "Domain", "src\Domain\Domain.csproj", "{06321BE6-4769-42E0-9C86-D4AAC7AC44EA}"
EndProject
Project("{FAE04EC0-301F-11D3-BF4B-00C04F79EFBC}") = "Repository", "src\Repository\Repository.csproj", "{FDA54014-F501-4E30-8B86-55487B3322C7}"
EndProject
Project("{FAE04EC0-301F-11D3-BF4B-00C04F79EFBC}") = "IoC", "src\IoC\IoC.csproj", "{0210438B-D55D-4851-A6EF-708AC2C3B1BE}"
EndProject
Project("{2150E333-8FDC-42A3-9474-1A3956D46DE8}") = "01-Presentation", "01-Presentation", "{E11E3DF6-DBBA-4A11-B5E4-BC44C53B7FD9}"
EndProject
Project("{2150E333-8FDC-42A3-9474-1A3956D46DE8}") = "02-Domain", "02-Domain", "{0069375A-40C7-4092-9B9C-AE0CC5D56C5B}"
EndProject
Project("{2150E333-8FDC-42A3-9474-1A3956D46DE8}") = "03-Infra", "03-Infra", "{56B22F9B-9794-4464-817C-0ED87BC272FA}"
EndProject
Global
	GlobalSection(SolutionConfigurationPlatforms) = preSolution
		Debug|Any CPU = Debug|Any CPU
		Release|Any CPU = Release|Any CPU
	EndGlobalSection
	GlobalSection(ProjectConfigurationPlatforms) = postSolution
		{0B2E43AE-6EA9-4F7D-9761-390543096136}.Debug|Any CPU.ActiveCfg = Debug|Any CPU
		{0B2E43AE-6EA9-4F7D-9761-390543096136}.Debug|Any CPU.Build.0 = Debug|Any CPU
		{0B2E43AE-6EA9-4F7D-9761-390543096136}.Release|Any CPU.ActiveCfg = Release|Any CPU
		{0B2E43AE-6EA9-4F7D-9761-390543096136}.Release|Any CPU.Build.0 = Release|Any CPU
		{06321BE6-4769-42E0-9C86-D4AAC7AC44EA}.Debug|Any CPU.ActiveCfg = Debug|Any CPU
		{06321BE6-4769-42E0-9C86-D4AAC7AC44EA}.Debug|Any CPU.Build.0 = Debug|Any CPU
		{06321BE6-4769-42E0-9C86-D4AAC7AC44EA}.Release|Any CPU.ActiveCfg = Release|Any CPU
		{06321BE6-4769-42E0-9C86-D4AAC7AC44EA}.Release|Any CPU.Build.0 = Release|Any CPU
		{FDA54014-F501-4E30-8B86-55487B3322C7}.Debug|Any CPU.ActiveCfg = Debug|Any CPU
		{FDA54014-F501-4E30-8B86-55487B3322C7}.Debug|Any CPU.Build.0 = Debug|Any CPU
		{FDA54014-F501-4E30-8B86-55487B3322C7}.Release|Any CPU.ActiveCfg = Release|Any CPU
		{FDA54014-F501-4E30-8B86-55487B3322C7}.Release|Any CPU.Build.0 = Release|Any CPU
		{0210438B-D55D-4851-A6EF-708AC2C3B1BE}.Debug|Any CPU.ActiveCfg = Debug|Any CPU
		{0210438B-D55D-4851-A6EF-708AC2C3B1BE}.Debug|Any CPU.Build.0 = Debug|Any CPU
		{0210438B-D55D-4851-A6EF-708AC2C3B1BE}.Release|Any CPU.ActiveCfg = Release|Any CPU
		{0210438B-D55D-4851-A6EF-708AC2C3B1BE}.Release|Any CPU.Build.0 = Release|Any CPU
	EndGlobalSection
	GlobalSection(NestedProjects) = preSolution
		{0B2E43AE-6EA9-4F7D-9761-390543096136} = {E11E3DF6-DBBA-4A11-B5E4-BC44C53B7FD9}
		{06321BE6-4769-42E0-9C86-D4AAC7AC44EA} = {0069375A-40C7-4092-9B9C-AE0CC5D56C5B}
		{0210438B-D55D-4851-A6EF-708AC2C3B1BE} = {56B22F9B-9794-4464-817C-0ED87BC272FA}
		{FDA54014-F501-4E30-8B86-55487B3322C7} = {56B22F9B-9794-4464-817C-0ED87BC272FA}
	EndGlobalSection
EndGlobal
